
Microsoft Visual Studio Solution File, Format Version 12.00
# Visual Studio 14
VisualStudioVersion = 14.0.25420.1
MinimumVisualStudioVersion = 10.0.40219.1
Project("{FAE04EC0-301F-11D3-BF4B-00C04F79EFBC}") = "WebApplication", "WebApplication\WebApplication.csproj", "{B1DB8B0D-E965-464F-BACE-FC3AD11DF90E}"
EndProject
Project("{FAE04EC0-301F-11D3-BF4B-00C04F79EFBC}") = "WebApplicationTests", "WebApplicationTests\WebApplicationTests.csproj", "{9B9EF8AF-32B0-4904-B23B-2BEA107BBF32}"
EndProject
Global
	GlobalSection(SolutionConfigurationPlatforms) = preSolution
		Debug|Any CPU = Debug|Any CPU
		Release|Any CPU = Release|Any CPU
	EndGlobalSection
	GlobalSection(ProjectConfigurationPlatforms) = postSolution
		{B1DB8B0D-E965-464F-BACE-FC3AD11DF90E}.Debug|Any CPU.ActiveCfg = Debug|Any CPU
		{B1DB8B0D-E965-464F-BACE-FC3AD11DF90E}.Debug|Any CPU.Build.0 = Debug|Any CPU
		{B1DB8B0D-E965-464F-BACE-FC3AD11DF90E}.Release|Any CPU.ActiveCfg = Release|Any CPU
		{B1DB8B0D-E965-464F-BACE-FC3AD11DF90E}.Release|Any CPU.Build.0 = Release|Any CPU
		{9B9EF8AF-32B0-4904-B23B-2BEA107BBF32}.Debug|Any CPU.ActiveCfg = Debug|Any CPU
		{9B9EF8AF-32B0-4904-B23B-2BEA107BBF32}.Debug|Any CPU.Build.0 = Debug|Any CPU
		{9B9EF8AF-32B0-4904-B23B-2BEA107BBF32}.Release|Any CPU.ActiveCfg = Release|Any CPU
		{9B9EF8AF-32B0-4904-B23B-2BEA107BBF32}.Release|Any CPU.Build.0 = Release|Any CPU
	EndGlobalSection
	GlobalSection(SolutionProperties) = preSolution
		HideSolutionNode = FALSE
	EndGlobalSection
EndGlobal
